# THIS IS AN AUTOGENERATED FILE. DO NOT EDIT THIS FILE DIRECTLY.
# yarn lockfile v1


lodash-es@^4.17.21:
  version "4.17.21"
  resolved "https://registry.yarnpkg.com/lodash-es/-/lodash-es-4.17.21.tgz#43e626c46e6591b7750beb2b50117390c609e3ee"
  integrity sha512-mKnC+QJ9pWVzv+C4/U3rRsHapFfHvQFoFB92e52xeyGMcX6/OlIl78je1u8vePzYZSkkogMPJ2yjxxsb89cxyw==

lottie-web@^5.8.1:
  version "5.10.2"
  resolved "https://registry.yarnpkg.com/lottie-web/-/lottie-web-5.10.2.tgz#a1c952b6734759fcd369eba73b6b7e3d9a76ce0b"
  integrity sha512-d0PFIGiwuMsJYaF4uPo+qG8dEorlI+xFI2zrrFtE1bGO4WoLIz+NjremxEq1swpR7juR10aeOtmNh3d6G3ub0A==

vue3-lottie@^2.5.0:
  version "2.5.0"
  resolved "https://registry.yarnpkg.com/vue3-lottie/-/vue3-lottie-2.5.0.tgz#0bfa8bffa19235b8593d719b125f9ae0b31c603b"
  integrity sha512-JwlTzykr4ofPnSXsTAPt571RDrtQNy66H8w/zYBVHNgrCRG4RINI30c/oJx3Dj+XpxuktpKzgfI08tv1FjYkAQ==
  dependencies:
    lodash-es "^4.17.21"
    lottie-web "^5.8.1"
